Microsoft Visual Studio Solution File, Format Version 11.00
# Visual Studio 2008

Project("{98A56987-21D8-99BF-F53E-A576A6B27DD7}") = "Foodemic_Unity", "Assembly-CSharp-firstpass-vs.csproj", "{D0311C49-40CB-84C8-26C4-D84A01D3BBA3}"
EndProject
Project("{98A56987-21D8-99BF-F53E-A576A6B27DD7}") = "Foodemic_Unity", "Assembly-CSharp-vs.csproj", "{D97BE398-A65D-1AE8-085A-50856D8199EB}"
EndProject
Project("{98A56987-21D8-99BF-F53E-A576A6B27DD7}") = "Foodemic_Unity", "Assembly-CSharp-Editor-vs.csproj", "{9036FB1F-8A58-7AE7-1D5B-62108CB41FD0}"
EndProject
Global
	GlobalSection(SolutionConfigurationPlatforms) = preSolution
		Debug|Any CPU = Debug|Any CPU
		Release|Any CPU = Release|Any CPU
	EndGlobalSection
	GlobalSection(ProjectConfigurationPlatforms) = postSolution
		{D0311C49-40CB-84C8-26C4-D84A01D3BBA3}.Debug|Any CPU.ActiveCfg = Debug|Any CPU
		{D0311C49-40CB-84C8-26C4-D84A01D3BBA3}.Debug|Any CPU.Build.0 = Debug|Any CPU
		{D0311C49-40CB-84C8-26C4-D84A01D3BBA3}.Release|Any CPU.ActiveCfg = Release|Any CPU
		{D0311C49-40CB-84C8-26C4-D84A01D3BBA3}.Release|Any CPU.Build.0 = Release|Any CPU
		{D97BE398-A65D-1AE8-085A-50856D8199EB}.Debug|Any CPU.ActiveCfg = Debug|Any CPU
		{D97BE398-A65D-1AE8-085A-50856D8199EB}.Debug|Any CPU.Build.0 = Debug|Any CPU
		{D97BE398-A65D-1AE8-085A-50856D8199EB}.Release|Any CPU.ActiveCfg = Release|Any CPU
		{D97BE398-A65D-1AE8-085A-50856D8199EB}.Release|Any CPU.Build.0 = Release|Any CPU
		{9036FB1F-8A58-7AE7-1D5B-62108CB41FD0}.Debug|Any CPU.ActiveCfg = Debug|Any CPU
		{9036FB1F-8A58-7AE7-1D5B-62108CB41FD0}.Debug|Any CPU.Build.0 = Debug|Any CPU
		{9036FB1F-8A58-7AE7-1D5B-62108CB41FD0}.Release|Any CPU.ActiveCfg = Release|Any CPU
		{9036FB1F-8A58-7AE7-1D5B-62108CB41FD0}.Release|Any CPU.Build.0 = Release|Any CPU
	EndGlobalSection
	GlobalSection(SolutionProperties) = preSolution
		HideSolutionNode = FALSE
	EndGlobalSection
		GlobalSection(MonoDevelopProperties) = preSolution
		StartupItem = Assembly-CSharp.csproj
		Policies = $0
		$0.TextStylePolicy = $1
		$1.inheritsSet = null
		$1.scope = text/x-csharp
		$0.CSharpFormattingPolicy = $2
		$2.inheritsSet = Mono
		$2.inheritsScope = text/x-csharp
		$2.scope = text/x-csharp
		$0.TextStylePolicy = $3
		$3.FileWidth = 120
		$3.TabWidth = 4
		$3.IndentWidth = 4
		$3.EolMarker = Unix
		$3.inheritsSet = Mono
		$3.inheritsScope = text/plain
		$3.scope = text/plain
	EndGlobalSection

EndGlobal
